
Microsoft Visual Studio Solution File, Format Version 12.00
# Visual Studio Version 17
VisualStudioVersion = 17.5.33516.290
MinimumVisualStudioVersion = 10.0.40219.1
Project("{FAE04EC0-301F-11D3-BF4B-00C04F79EFBC}") = "WFOtomasyon", "WFOtomasyon\WFOtomasyon.csproj", "{49D46F40-9A9D-45B8-BEA2-5ED44124047D}"
EndProject
Global
	GlobalSection(SolutionConfigurationPlatforms) = preSolution
		Debug|Any CPU = Debug|Any CPU
		Release|Any CPU = Release|Any CPU
	EndGlobalSection
	GlobalSection(ProjectConfigurationPlatforms) = postSolution
		{49D46F40-9A9D-45B8-BEA2-5ED44124047D}.Debug|Any CPU.ActiveCfg = Debug|Any CPU
		{49D46F40-9A9D-45B8-BEA2-5ED44124047D}.Debug|Any CPU.Build.0 = Debug|Any CPU
		{49D46F40-9A9D-45B8-BEA2-5ED44124047D}.Release|Any CPU.ActiveCfg = Release|Any CPU
		{49D46F40-9A9D-45B8-BEA2-5ED44124047D}.Release|Any CPU.Build.0 = Release|Any CPU
	EndGlobalSection
	GlobalSection(SolutionProperties) = preSolution
		HideSolutionNode = FALSE
	EndGlobalSection
	GlobalSection(ExtensibilityGlobals) = postSolution
		SolutionGuid = {440D6B2C-8D55-4685-87A3-B22375821419}
	EndGlobalSection
EndGlobal
